
Microsoft Visual Studio Solution File, Format Version 12.00
# Visual Studio Version 16
VisualStudioVersion = 16.0.30907.101
MinimumVisualStudioVersion = 10.0.40219.1
Project("{FAE04EC0-301F-11D3-BF4B-00C04F79EFBC}") = "CellPhoneApp", "CellPhoneApp\CellPhoneApp.csproj", "{AEF22B04-A7A3-4F18-9519-A0A83A78E647}"
EndProject
Global
	GlobalSection(SolutionConfigurationPlatforms) = preSolution
		Debug|Any CPU = Debug|Any CPU
		Release|Any CPU = Release|Any CPU
	EndGlobalSection
	GlobalSection(ProjectConfigurationPlatforms) = postSolution
		{AEF22B04-A7A3-4F18-9519-A0A83A78E647}.Debug|Any CPU.ActiveCfg = Debug|Any CPU
		{AEF22B04-A7A3-4F18-9519-A0A83A78E647}.Debug|Any CPU.Build.0 = Debug|Any CPU
		{AEF22B04-A7A3-4F18-9519-A0A83A78E647}.Release|Any CPU.ActiveCfg = Release|Any CPU
		{AEF22B04-A7A3-4F18-9519-A0A83A78E647}.Release|Any CPU.Build.0 = Release|Any CPU
	EndGlobalSection
	GlobalSection(SolutionProperties) = preSolution
		HideSolutionNode = FALSE
	EndGlobalSection
	GlobalSection(ExtensibilityGlobals) = postSolution
		SolutionGuid = {3C88313F-682B-4949-B898-17DAC95F91D9}
	EndGlobalSection
EndGlobal
